
Microsoft Visual Studio Solution File, Format Version 12.00
# Visual Studio 15
VisualStudioVersion = 15.0.27428.2015
MinimumVisualStudioVersion = 10.0.40219.1
Project("{FAE04EC0-301F-11D3-BF4B-00C04F79EFBC}") = "JaeNuguid", "JaeNuguid\JaeNuguid.csproj", "{B6CE781D-D241-4120-8CD4-1E5C0551500F}"
EndProject
Project("{FAE04EC0-301F-11D3-BF4B-00C04F79EFBC}") = "DataHelper", "DataHelper\DataHelper.csproj", "{9CBDC06C-174C-49CA-B964-4D2FB04C6846}"
EndProject
Global
	GlobalSection(SolutionConfigurationPlatforms) = preSolution
		Debug|Any CPU = Debug|Any CPU
		Release|Any CPU = Release|Any CPU
	EndGlobalSection
	GlobalSection(ProjectConfigurationPlatforms) = postSolution
		{B6CE781D-D241-4120-8CD4-1E5C0551500F}.Debug|Any CPU.ActiveCfg = Debug|Any CPU
		{B6CE781D-D241-4120-8CD4-1E5C0551500F}.Debug|Any CPU.Build.0 = Debug|Any CPU
		{B6CE781D-D241-4120-8CD4-1E5C0551500F}.Release|Any CPU.ActiveCfg = Release|Any CPU
		{B6CE781D-D241-4120-8CD4-1E5C0551500F}.Release|Any CPU.Build.0 = Release|Any CPU
		{9CBDC06C-174C-49CA-B964-4D2FB04C6846}.Debug|Any CPU.ActiveCfg = Debug|Any CPU
		{9CBDC06C-174C-49CA-B964-4D2FB04C6846}.Debug|Any CPU.Build.0 = Debug|Any CPU
		{9CBDC06C-174C-49CA-B964-4D2FB04C6846}.Release|Any CPU.ActiveCfg = Release|Any CPU
		{9CBDC06C-174C-49CA-B964-4D2FB04C6846}.Release|Any CPU.Build.0 = Release|Any CPU
	EndGlobalSection
	GlobalSection(SolutionProperties) = preSolution
		HideSolutionNode = FALSE
	EndGlobalSection
	GlobalSection(ExtensibilityGlobals) = postSolution
		SolutionGuid = {3797D59E-14CE-4A5F-8B33-923030A17AC3}
	EndGlobalSection
EndGlobal
